
Microsoft Visual Studio Solution File, Format Version 12.00
# Visual Studio Version 16
VisualStudioVersion = 16.0.30717.126
MinimumVisualStudioVersion = 10.0.40219.1
Project("{9A19103F-16F7-4668-BE54-9A1E7A4F7556}") = "Series", "Rows\Series.csproj", "{797BDE71-C528-4192-906A-9D2B1D3F52F6}"
EndProject
Global
	GlobalSection(SolutionConfigurationPlatforms) = preSolution
		Debug|Any CPU = Debug|Any CPU
		Release|Any CPU = Release|Any CPU
	EndGlobalSection
	GlobalSection(ProjectConfigurationPlatforms) = postSolution
		{797BDE71-C528-4192-906A-9D2B1D3F52F6}.Debug|Any CPU.ActiveCfg = Debug|Any CPU
		{797BDE71-C528-4192-906A-9D2B1D3F52F6}.Debug|Any CPU.Build.0 = Debug|Any CPU
		{797BDE71-C528-4192-906A-9D2B1D3F52F6}.Release|Any CPU.ActiveCfg = Release|Any CPU
		{797BDE71-C528-4192-906A-9D2B1D3F52F6}.Release|Any CPU.Build.0 = Release|Any CPU
	EndGlobalSection
	GlobalSection(SolutionProperties) = preSolution
		HideSolutionNode = FALSE
	EndGlobalSection
	GlobalSection(ExtensibilityGlobals) = postSolution
		SolutionGuid = {F513C2F4-C73C-4853-BB56-F64492715A9C}
	EndGlobalSection
EndGlobal
